{
    "_readme": [
        "This file locks the dependencies of your project to a known state",
        "Read more about it at https://getcomposer.org/doc/01-basic-usage.md#installing-dependencies",
        "This file is @generated automatically"
    ],
    "content-hash": "5b087b3eacc69f7e535464d2523d9790",
    "packages": [
        {
            "name": "thedudeguy/rcon",
            "version": "v1.0.0",
            "source": {
                "type": "git",
                "url": "https://github.com/thedudeguy/PHP-Minecraft-Rcon.git",
                "reference": "ada4eb08304dfe9562192978444fbfc21a08a9ca"
            },
            "dist": {
                "type": "zip",
                "url": "https://api.github.com/repos/thedudeguy/PHP-Minecraft-Rcon/zipball/ada4eb08304dfe9562192978444fbfc21a08a9ca",
                "reference": "ada4eb08304dfe9562192978444fbfc21a08a9ca",
                "shasum": ""
            },
            "type": "library",
            "autoload": {
                "psr-4": {
                    "Thedudeguy\\": "src/"
                }
            },
            "notification-url": "https://packagist.org/downloads/",
            "license": [
                "MIT"
            ],
            "authors": [
                {
                    "name": "Chris Churchwell",
                    "email": "chris@chrischurchwell.com",
                    "homepage": "http://chrischurchwell.com"
                }
            ],
            "description": "Simple Rcon class for php.",
            "homepage": "https://github.com/thedudeguy/PHP-Minecraft-Rcon",
            "keywords": [
                "minecraft",
                "rcon"
            ],
            "support": {
                "issues": "https://github.com/thedudeguy/PHP-Minecraft-Rcon/issues",
                "source": "https://github.com/thedudeguy/PHP-Minecraft-Rcon/tree/master"
            },
            "time": "2017-05-25T06:50:00+00:00"
        },
        {
            "name": "xpaw/php-minecraft-query",
            "version": "4.0.1",
            "source": {
                "type": "git",
                "url": "https://github.com/xPaw/PHP-Minecraft-Query.git",
                "reference": "c7257e7c3d18c14cd476910f1516f93f405f54ee"
            },
            "dist": {
                "type": "zip",
                "url": "https://api.github.com/repos/xPaw/PHP-Minecraft-Query/zipball/c7257e7c3d18c14cd476910f1516f93f405f54ee",
                "reference": "c7257e7c3d18c14cd476910f1516f93f405f54ee",
                "shasum": ""
            },
            "require": {
                "php": ">=7.0"
            },
            "type": "library",
            "autoload": {
                "psr-4": {
                    "xPaw\\": "src"
                }
            },
            "notification-url": "https://packagist.org/downloads/",
            "license": [
                "MIT"
            ],
            "description": "PHP library to query Minecraft servers",
            "keywords": [
                "minecraft"
            ],
            "support": {
                "source": "https://github.com/xPaw/PHP-Minecraft-Query/tree/4.0.1"
            },
            "funding": [
                {
                    "url": "https://github.com/xPaw",
                    "type": "github"
                }
            ],
            "time": "2021-06-18T13:18:40+00:00"
        }
    ],
    "packages-dev": [],
    "aliases": [],
    "minimum-stability": "stable",
    "stability-flags": [],
    "prefer-stable": false,
    "prefer-lowest": false,
    "platform": [],
    "platform-dev": [],
    "plugin-api-version": "2.3.0"
}
